{
  "name": "backend",
  "lockfileVersion": 3,
  "requires": true,
  "packages": {
    "": {
      "dependencies": {
        "@avaturn/sdk": "^1.1.4"
      }
    },
    "node_modules/@avaturn/sdk": {
      "version": "1.1.4",
      "resolved": "https://registry.npmjs.org/@avaturn/sdk/-/sdk-1.1.4.tgz",
      "integrity": "sha512-OAbpcssUowv6Iy+x+OamiBrJnrVYwv3F9JY9xhUAP0OBNK5DADHywYVIYNk/0xknFAFDoB2lMSDqrXb1nIrVJw==",
      "license": "MIT"
    }
  }
}
